
Microsoft Visual Studio Solution File, Format Version 12.00
# Visual Studio Version 16
VisualStudioVersion = 16.0.30225.117
MinimumVisualStudioVersion = 10.0.40219.1
Project("{FAE04EC0-301F-11D3-BF4B-00C04F79EFBC}") = "Tin Tức Sự Kiện", "Tin Tức Sự Kiện\Tin Tức Sự Kiện.csproj", "{DFB59C5A-287D-4695-A47A-68E6E56AA22C}"
EndProject
Global
	GlobalSection(SolutionConfigurationPlatforms) = preSolution
		Debug|Any CPU = Debug|Any CPU
		Release|Any CPU = Release|Any CPU
	EndGlobalSection
	GlobalSection(ProjectConfigurationPlatforms) = postSolution
		{DFB59C5A-287D-4695-A47A-68E6E56AA22C}.Debug|Any CPU.ActiveCfg = Debug|Any CPU
		{DFB59C5A-287D-4695-A47A-68E6E56AA22C}.Debug|Any CPU.Build.0 = Debug|Any CPU
		{DFB59C5A-287D-4695-A47A-68E6E56AA22C}.Release|Any CPU.ActiveCfg = Release|Any CPU
		{DFB59C5A-287D-4695-A47A-68E6E56AA22C}.Release|Any CPU.Build.0 = Release|Any CPU
	EndGlobalSection
	GlobalSection(SolutionProperties) = preSolution
		HideSolutionNode = FALSE
	EndGlobalSection
	GlobalSection(ExtensibilityGlobals) = postSolution
		SolutionGuid = {1302F24E-147D-47BC-917D-D6EE3B41E0AB}
	EndGlobalSection
EndGlobal
